// !$*UTF8*$!
{
	archiveVersion = 1;
	classes = {
	};
	objectVersion = 50;
	objects = {

/* Begin PBXBuildFile section */
		C2D7E7F52544E81400338FE7 /* AppDelegate.m in Sources */ = {isa = PBXBuildFile; fileRef = C2D7E7F42544E81400338FE7 /* AppDelegate.m */; };
		C2D7E7F82544E81400338FE7 /* SceneDelegate.m in Sources */ = {isa = PBXBuildFile; fileRef = C2D7E7F72544E81400338FE7 /* SceneDelegate.m */; };
		C2D7E7FB2544E81400338FE7 /* ViewController.m in Sources */ = {isa = PBXBuildFile; fileRef = C2D7E7FA2544E81400338FE7 /* ViewController.m */; };
		C2D7E7FE2544E81400338FE7 /* Main.storyboard in Resources */ = {isa = PBXBuildFile; fileRef = C2D7E7FC2544E81400338FE7 /* Main.storyboard */; };
		C2D7E8002544E81500338FE7 /* Assets.xcassets in Resources */ = {isa = PBXBuildFile; fileRef = C2D7E7FF2544E81500338FE7 /* Assets.xcassets */; };
		C2D7E8032544E81500338FE7 /* LaunchScreen.storyboard in Resources */ = {isa = PBXBuildFile; fileRef = C2D7E8012544E81500338FE7 /* LaunchScreen.storyboard */; };
		C2D7E8062544E81500338FE7 /* main.m in Sources */ = {isa = PBXBuildFile; fileRef = C2D7E8052544E81500338FE7 /* main.m */; };
/* End PBXBuildFile section */

/* Begin PBXFileReference section */
		C2D7E7F02544E81400338FE7 /* UIKitCorners.app */ = {isa = PBXFileReference; explicitFileType = wrapper.application; includeInIndex = 0; path = UIKitCorners.app; sourceTree = BUILT_PRODUCTS_DIR; };
		C2D7E7F32544E81400338FE7 /* AppDelegate.h */ = {isa = PBXFileReference; lastKnownFileType = sourcecode.c.h; path = AppDelegate.h; sourceTree = "<group>"; };
		C2D7E7F42544E81400338FE7 /* AppDelegate.m */ = {isa = PBXFileReference; lastKnownFileType = sourcecode.c.objc; path = AppDelegate.m; sourceTree = "<group>"; };
		C2D7E7F62544E81400338FE7 /* SceneDelegate.h */ = {isa = PBXFileReference; lastKnownFileType = sourcecode.c.h; path = SceneDelegate.h; sourceTree = "<group>"; };
		C2D7E7F72544E81400338FE7 /* SceneDelegate.m */ = {isa = PBXFileReference; lastKnownFileType = sourcecode.c.objc; path = SceneDelegate.m; sourceTree = "<group>"; };
		C2D7E7F92544E81400338FE7 /* ViewController.h */ = {isa = PBXFileReference; lastKnownFileType = sourcecode.c.h; path = ViewController.h; sourceTree = "<group>"; };
		C2D7E7FA2544E81400338FE7 /* ViewController.m */ = {isa = PBXFileReference; lastKnownFileType = sourcecode.c.objc; path = ViewController.m; sourceTree = "<group>"; };
		C2D7E7FD2544E81400338FE7 /* Base */ = {isa = PBXFileReference; lastKnownFileType = file.storyboard; name = Base; path = Base.lproj/Main.storyboard; sourceTree = "<group>"; };
		C2D7E7FF2544E81500338FE7 /* Assets.xcassets */ = {isa = PBXFileReference; lastKnownFileType = folder.assetcatalog; path = Assets.xcassets; sourceTree = "<group>"; };
		C2D7E8022544E81500338FE7 /* Base */ = {isa = PBXFileReference; lastKnownFileType = file.storyboard; name = Base; path = Base.lproj/LaunchScreen.storyboard; sourceTree = "<group>"; };
		C2D7E8042544E81500338FE7 /* Info.plist */ = {isa = PBXFileReference; lastKnownFileType = text.plist.xml; path = Info.plist; sourceTree = "<group>"; };
		C2D7E8052544E81500338FE7 /* main.m */ = {isa = PBXFileReference; lastKnownFileType = sourcecode.c.objc; path = main.m; sourceTree = "<group>"; };
/* End PBXFileReference section */

/* Begin PBXFrameworksBuildPhase section */
		C2D7E7ED2544E81400338FE7 /* Frameworks */ = {
			isa = PBXFrameworksBuildPhase;
			buildActionMask = 2147483647;
			files = (
			);
			runOnlyForDeploymentPostprocessing = 0;
		};
/* End PBXFrameworksBuildPhase section */

/* Begin PBXGroup section */
		C2D7E7E72544E81400338FE7 = {
			isa = PBXGroup;
			children = (
				C2D7E7F22544E81400338FE7 /* UIKitCorners */,
				C2D7E7F12544E81400338FE7 /* Products */,
			);
			sourceTree = "<group>";
		};
		C2D7E7F12544E81400338FE7 /* Products */ = {
			isa = PBXGroup;
			children = (
				C2D7E7F02544E81400338FE7 /* UIKitCorners.app */,
			);
			name = Products;
			sourceTree = "<group>";
		};
		C2D7E7F22544E81400338FE7 /* UIKitCorners */ = {
			isa = PBXGroup;
			children = (
				C2D7E7F32544E81400338FE7 /* AppDelegate.h */,
				C2D7E7F42544E81400338FE7 /* AppDelegate.m */,
				C2D7E7F62544E81400338FE7 /* SceneDelegate.h */,
				C2D7E7F72544E81400338FE7 /* SceneDelegate.m */,
				C2D7E7F92544E81400338FE7 /* ViewController.h */,
				C2D7E7FA2544E81400338FE7 /* ViewController.m */,
				C2D7E7FC2544E81400338FE7 /* Main.storyboard */,
				C2D7E7FF2544E81500338FE7 /* Assets.xcassets */,
				C2D7E8012544E81500338FE7 /* LaunchScreen.storyboard */,
				C2D7E8042544E81500338FE7 /* Info.plist */,
				C2D7E8052544E81500338FE7 /* main.m */,
			);
			path = UIKitCorners;
			sourceTree = "<group>";
		};
/* End PBXGroup section */

/* Begin PBXNativeTarget section */
		C2D7E7EF2544E81400338FE7 /* UIKitCorners */ = {
			isa = PBXNativeTarget;
			buildConfigurationList = C2D7E8092544E81500338FE7 /* Build configuration list for PBXNativeTarget "UIKitCorners" */;
			buildPhases = (
				C2D7E7EC2544E81400338FE7 /* Sources */,
				C2D7E7ED2544E81400338FE7 /* Frameworks */,
				C2D7E7EE2544E81400338FE7 /* Resources */,
			);
			buildRules = (
			);
			dependencies = (
			);
			name = UIKitCorners;
			productName = UIKitCorners;
			productReference = C2D7E7F02544E81400338FE7 /* UIKitCorners.app */;
			productType = "com.apple.product-type.application";
		};
/* End PBXNativeTarget section */

/* Begin PBXProject section */
		C2D7E7E82544E81400338FE7 /* Project object */ = {
			isa = PBXProject;
			attributes = {
				LastUpgradeCheck = 1210;
				TargetAttributes = {
					C2D7E7EF2544E81400338FE7 = {
						CreatedOnToolsVersion = 12.1;
					};
				};
			};
			buildConfigurationList = C2D7E7EB2544E81400338FE7 /* Build configuration list for PBXProject "UIKitCorners" */;
			compatibilityVersion = "Xcode 9.3";
			developmentRegion = en;
			hasScannedForEncodings = 0;
			knownRegions = (
				en,
				Base,
			);
			mainGroup = C2D7E7E72544E81400338FE7;
			productRefGroup = C2D7E7F12544E81400338FE7 /* Products */;
			projectDirPath = "";
			projectRoot = "";
			targets = (
				C2D7E7EF2544E81400338FE7 /* UIKitCorners */,
			);
		};
/* End PBXProject section */

/* Begin PBXResourcesBuildPhase section */
		C2D7E7EE2544E81400338FE7 /* Resources */ = {
			isa = PBXResourcesBuildPhase;
			buildActionMask = 2147483647;
			files = (
				C2D7E8032544E81500338FE7 /* LaunchScreen.storyboard in Resources */,
				C2D7E8002544E81500338FE7 /* Assets.xcassets in Resources */,
				C2D7E7FE2544E81400338FE7 /* Main.storyboard in Resources */,
			);
			runOnlyForDeploymentPostprocessing = 0;
		};
/* End PBXResourcesBuildPhase section */

/* Begin PBXSourcesBuildPhase section */
		C2D7E7EC2544E81400338FE7 /* Sources */ = {
			isa = PBXSourcesBuildPhase;
			buildActionMask = 2147483647;
			files = (
				C2D7E7FB2544E81400338FE7 /* ViewController.m in Sources */,
				C2D7E7F52544E81400338FE7 /* AppDelegate.m in Sources */,
				C2D7E8062544E81500338FE7 /* main.m in Sources */,
				C2D7E7F82544E81400338FE7 /* SceneDelegate.m in Sources */,
			);
			runOnlyForDeploymentPostprocessing = 0;
		};
/* End PBXSourcesBuildPhase section */

/* Begin PBXVariantGroup section */
		C2D7E7FC2544E81400338FE7 /* Main.storyboard */ = {
			isa = PBXVariantGroup;
			children = (
				C2D7E7FD2544E81400338FE7 /* Base */,
			);
			name = Main.storyboard;
			sourceTree = "<group>";
		};
		C2D7E8012544E81500338FE7 /* LaunchScreen.storyboard */ = {
			isa = PBXVariantGroup;
			children = (
				C2D7E8022544E81500338FE7 /* Base */,
			);
			name = LaunchScreen.storyboard;
			sourceTree = "<group>";
		};
/* End PBXVariantGroup section */

/* Begin XCBuildConfiguration section */
		C2D7E8072544E81500338FE7 /* Debug */ = {
			isa = XCBuildConfiguration;
			buildSettings = {
				ALWAYS_SEARCH_USER_PATHS = NO;
				CLANG_ANALYZER_NONNULL = YES;
				CLANG_ANALYZER_NUMBER_OBJECT_CONVERSION = YES_AGGRESSIVE;
				CLANG_CXX_LANGUAGE_STANDARD = "gnu++14";
				CLANG_CXX_LIBRARY = "libc++";
				CLANG_ENABLE_MODULES = YES;
				CLANG_ENABLE_OBJC_ARC = YES;
				CLANG_ENABLE_OBJC_WEAK = YES;
				CLANG_WARN_BLOCK_CAPTURE_AUTORELEASING = YES;
				CLANG_WARN_BOOL_CONVERSION = YES;
				CLANG_WARN_COMMA = YES;
				CLANG_WARN_CONSTANT_CONVERSION = YES;
				CLANG_WARN_DEPRECATED_OBJC_IMPLEMENTATIONS = YES;
				CLANG_WARN_DIRECT_OBJC_ISA_USAGE = YES_ERROR;
				CLANG_WARN_DOCUMENTATION_COMMENTS = YES;
				CLANG_WARN_EMPTY_BODY = YES;
				CLANG_WARN_ENUM_CONVERSION = YES;
				CLANG_WARN_INFINITE_RECURSION = YES;
				CLANG_WARN_INT_CONVERSION = YES;
				CLANG_WARN_NON_LITERAL_NULL_CONVERSION = YES;
				CLANG_WARN_OBJC_IMPLICIT_RETAIN_SELF = YES;
				CLANG_WARN_OBJC_LITERAL_CONVERSION = YES;
				CLANG_WARN_OBJC_ROOT_CLASS = YES_ERROR;
				CLANG_WARN_QUOTED_INCLUDE_IN_FRAMEWORK_HEADER = YES;
				CLANG_WARN_RANGE_LOOP_ANALYSIS = YES;
				CLANG_WARN_STRICT_PROTOTYPES = YES;
				CLANG_WARN_SUSPICIOUS_MOVE = YES;
				CLANG_WARN_UNGUARDED_AVAILABILITY = YES_AGGRESSIVE;
				CLANG_WARN_UNREACHABLE_CODE = YES;
				CLANG_WARN__DUPLICATE_METHOD_MATCH = YES;
				COPY_PHASE_STRIP = NO;
				DEBUG_INFORMATION_FORMAT = dwarf;
				ENABLE_STRICT_OBJC_MSGSEND = YES;
				ENABLE_TESTABILITY = YES;
				GCC_C_LANGUAGE_STANDARD = gnu11;
				GCC_DYNAMIC_NO_PIC = NO;
				GCC_NO_COMMON_BLOCKS = YES;
				GCC_OPTIMIZATION_LEVEL = 0;
				GCC_PREPROCESSOR_DEFINITIONS = (
					"DEBUG=1",
					"$(inherited)",
				);
				GCC_WARN_64_TO_32_BIT_CONVERSION = YES;
				GCC_WARN_ABOUT_RETURN_TYPE = YES_ERROR;
				GCC_WARN_UNDECLARED_SELECTOR = YES;
				GCC_WARN_UNINITIALIZED_AUTOS = YES_AGGRESSIVE;
				GCC_WARN_UNUSED_FUNCTION = YES;
				GCC_WARN_UNUSED_VARIABLE = YES;
				IPHONEOS_DEPLOYMENT_TARGET = 14.1;
				MTL_ENABLE_DEBUG_INFO = INCLUDE_SOURCE;
				MTL_FAST_MATH = YES;
				ONLY_ACTIVE_ARCH = YES;
				SDKROOT = iphoneos;
			};
			name = Debug;
		};
		C2D7E8082544E81500338FE7 /* Release */ = {
			isa = XCBuildConfiguration;
			buildSettings = {
				ALWAYS_SEARCH_USER_PATHS = NO;
				CLANG_ANALYZER_NONNULL = YES;
				CLANG_ANALYZER_NUMBER_OBJECT_CONVERSION = YES_AGGRESSIVE;
				CLANG_CXX_LANGUAGE_STANDARD = "gnu++14";
				CLANG_CXX_LIBRARY = "libc++";
				CLANG_ENABLE_MODULES = YES;
				CLANG_ENABLE_OBJC_ARC = YES;
				CLANG_ENABLE_OBJC_WEAK = YES;
				CLANG_WARN_BLOCK_CAPTURE_AUTORELEASING = YES;
				CLANG_WARN_BOOL_CONVERSION = YES;
				CLANG_WARN_COMMA = YES;
				CLANG_WARN_CONSTANT_CONVERSION = YES;
				CLANG_WARN_DEPRECATED_OBJC_IMPLEMENTATIONS = YES;
				CLANG_WARN_DIRECT_OBJC_ISA_USAGE = YES_ERROR;
				CLANG_WARN_DOCUMENTATION_COMMENTS = YES;
				CLANG_WARN_EMPTY_BODY = YES;
				CLANG_WARN_ENUM_CONVERSION = YES;
				CLANG_WARN_INFINITE_RECURSION = YES;
				CLANG_WARN_INT_CONVERSION = YES;
				CLANG_WARN_NON_LITERAL_NULL_CONVERSION = YES;
				CLANG_WARN_OBJC_IMPLICIT_RETAIN_SELF = YES;
				CLANG_WARN_OBJC_LITERAL_CONVERSION = YES;
				CLANG_WARN_OBJC_ROOT_CLASS = YES_ERROR;
				CLANG_WARN_QUOTED_INCLUDE_IN_FRAMEWORK_HEADER = YES;
				CLANG_WARN_RANGE_LOOP_ANALYSIS = YES;
				CLANG_WARN_STRICT_PROTOTYPES = YES;
				CLANG_WARN_SUSPICIOUS_MOVE = YES;
				CLANG_WARN_UNGUARDED_AVAILABILITY = YES_AGGRESSIVE;
				CLANG_WARN_UNREACHABLE_CODE = YES;
				CLANG_WARN__DUPLICATE_METHOD_MATCH = YES;
				COPY_PHASE_STRIP = NO;
				DEBUG_INFORMATION_FORMAT = "dwarf-with-dsym";
				ENABLE_NS_ASSERTIONS = NO;
				ENABLE_STRICT_OBJC_MSGSEND = YES;
				GCC_C_LANGUAGE_STANDARD = gnu11;
				GCC_NO_COMMON_BLOCKS = YES;
				GCC_WARN_64_TO_32_BIT_CONVERSION = YES;
				GCC_WARN_ABOUT_RETURN_TYPE = YES_ERROR;
				GCC_WARN_UNDECLARED_SELECTOR = YES;
				GCC_WARN_UNINITIALIZED_AUTOS = YES_AGGRESSIVE;
				GCC_WARN_UNUSED_FUNCTION = YES;
				GCC_WARN_UNUSED_VARIABLE = YES;
				IPHONEOS_DEPLOYMENT_TARGET = 14.1;
				MTL_ENABLE_DEBUG_INFO = NO;
				MTL_FAST_MATH = YES;
				SDKROOT = iphoneos;
				VALIDATE_PRODUCT = YES;
			};
			name = Release;
		};
		C2D7E80A2544E81500338FE7 /* Debug */ = {
			isa = XCBuildConfiguration;
			buildSettings = {
				ASSETCATALOG_COMPILER_APPICON_NAME = AppIcon;
				ASSETCATALOG_COMPILER_GLOBAL_ACCENT_COLOR_NAME = AccentColor;
				CODE_SIGN_STYLE = Automatic;
				DEVELOPMENT_TEAM = PXKS3W23A6;
				INFOPLIST_FILE = UIKitCorners/Info.plist;
				LD_RUNPATH_SEARCH_PATHS = (
					"$(inherited)",
					"@executable_path/Frameworks",
				);
				PRODUCT_BUNDLE_IDENTIFIER = com.kylebashour.UIKitCorners;
				PRODUCT_NAME = "$(TARGET_NAME)";
				TARGETED_DEVICE_FAMILY = "1,2";
			};
			name = Debug;
		};
		C2D7E80B2544E81500338FE7 /* Release */ = {
			isa = XCBuildConfiguration;
			buildSettings = {
				ASSETCATALOG_COMPILER_APPICON_NAME = AppIcon;
				ASSETCATALOG_COMPILER_GLOBAL_ACCENT_COLOR_NAME = AccentColor;
				CODE_SIGN_STYLE = Automatic;
				DEVELOPMENT_TEAM = PXKS3W23A6;
				INFOPLIST_FILE = UIKitCorners/Info.plist;
				LD_RUNPATH_SEARCH_PATHS = (
					"$(inherited)",
					"@executable_path/Frameworks",
				);
				PRODUCT_BUNDLE_IDENTIFIER = com.kylebashour.UIKitCorners;
				PRODUCT_NAME = "$(TARGET_NAME)";
				TARGETED_DEVICE_FAMILY = "1,2";
			};
			name = Release;
		};
/* End XCBuildConfiguration section */

/* Begin XCConfigurationList section */
		C2D7E7EB2544E81400338FE7 /* Build configuration list for PBXProject "UIKitCorners" */ = {
			isa = XCConfigurationList;
			buildConfigurations = (
				C2D7E8072544E81500338FE7 /* Debug */,
				C2D7E8082544E81500338FE7 /* Release */,
			);
			defaultConfigurationIsVisible = 0;
			defaultConfigurationName = Release;
		};
		C2D7E8092544E81500338FE7 /* Build configuration list for PBXNativeTarget "UIKitCorners" */ = {
			isa = XCConfigurationList;
			buildConfigurations = (
				C2D7E80A2544E81500338FE7 /* Debug */,
				C2D7E80B2544E81500338FE7 /* Release */,
			);
			defaultConfigurationIsVisible = 0;
			defaultConfigurationName = Release;
		};
/* End XCConfigurationList section */
	};
	rootObject = C2D7E7E82544E81400338FE7 /* Project object */;
}
